
Microsoft Visual Studio Solution File, Format Version 12.00
# Visual Studio Version 16
VisualStudioVersion = 16.0.29519.87
MinimumVisualStudioVersion = 10.0.40219.1
Project("{FAE04EC0-301F-11D3-BF4B-00C04F79EFBC}") = "vetoresExemplo", "vetoresExemplo\vetoresExemplo.csproj", "{2752F2F7-9E56-4A53-BBF9-0BDC9658BE83}"
EndProject
Global
	GlobalSection(SolutionConfigurationPlatforms) = preSolution
		Debug|Any CPU = Debug|Any CPU
		Release|Any CPU = Release|Any CPU
	EndGlobalSection
	GlobalSection(ProjectConfigurationPlatforms) = postSolution
		{2752F2F7-9E56-4A53-BBF9-0BDC9658BE83}.Debug|Any CPU.ActiveCfg = Debug|Any CPU
		{2752F2F7-9E56-4A53-BBF9-0BDC9658BE83}.Debug|Any CPU.Build.0 = Debug|Any CPU
		{2752F2F7-9E56-4A53-BBF9-0BDC9658BE83}.Release|Any CPU.ActiveCfg = Release|Any CPU
		{2752F2F7-9E56-4A53-BBF9-0BDC9658BE83}.Release|Any CPU.Build.0 = Release|Any CPU
	EndGlobalSection
	GlobalSection(SolutionProperties) = preSolution
		HideSolutionNode = FALSE
	EndGlobalSection
	GlobalSection(ExtensibilityGlobals) = postSolution
		SolutionGuid = {D68A0779-7A46-4CD0-A0C1-2A4B71454E47}
	EndGlobalSection
EndGlobal
